// !$*UTF8*$!
{
	archiveVersion = 1;
	classes = {
	};
	objectVersion = 46;
	objects = {

/* Begin PBXBuildFile section */
		223284D71AFCAC9000A5C40B /* LoopedScrollView.swift in Sources */ = {isa = PBXBuildFile; fileRef = 223284D61AFCAC9000A5C40B /* LoopedScrollView.swift */; };
		225608A71AF67CFB0033FF11 /* AppDelegate.swift in Sources */ = {isa = PBXBuildFile; fileRef = 225608A61AF67CFB0033FF11 /* AppDelegate.swift */; };
		225608AA1AF67CFB0033FF11 /* ZhihuDaily.xcdatamodeld in Sources */ = {isa = PBXBuildFile; fileRef = 225608A81AF67CFB0033FF11 /* ZhihuDaily.xcdatamodeld */; };
		225608AF1AF67CFB0033FF11 /* Main.storyboard in Resources */ = {isa = PBXBuildFile; fileRef = 225608AD1AF67CFB0033FF11 /* Main.storyboard */; };
		225608B11AF67CFB0033FF11 /* Images.xcassets in Resources */ = {isa = PBXBuildFile; fileRef = 225608B01AF67CFB0033FF11 /* Images.xcassets */; };
		225608B41AF67CFB0033FF11 /* LaunchScreen.xib in Resources */ = {isa = PBXBuildFile; fileRef = 225608B21AF67CFB0033FF11 /* LaunchScreen.xib */; };
		225608C01AF67CFB0033FF11 /* ZhihuDailyTests.swift in Sources */ = {isa = PBXBuildFile; fileRef = 225608BF1AF67CFB0033FF11 /* ZhihuDailyTests.swift */; };
		225608CE1AF683D20033FF11 /* Common.swift in Sources */ = {isa = PBXBuildFile; fileRef = 225608CD1AF683D20033FF11 /* Common.swift */; };
		225608D01AF74B100033FF11 /* Consts.swift in Sources */ = {isa = PBXBuildFile; fileRef = 225608CF1AF74B100033FF11 /* Consts.swift */; };
		22A1BA8C1AF9E60800115D02 /* UIImageViewAsync.swift in Sources */ = {isa = PBXBuildFile; fileRef = 22A1BA8B1AF9E60800115D02 /* UIImageViewAsync.swift */; };
		22A785F11B07ABB40084F493 /* SWRevealViewController.m in Sources */ = {isa = PBXBuildFile; fileRef = 22A785F01B07ABB40084F493 /* SWRevealViewController.m */; };
		22A785F31B07AC940084F493 /* MenuViewController.swift in Sources */ = {isa = PBXBuildFile; fileRef = 22A785F21B07AC940084F493 /* MenuViewController.swift */; };
		22A785F51B07B1E70084F493 /* HomeViewController.swift in Sources */ = {isa = PBXBuildFile; fileRef = 22A785F41B07B1E70084F493 /* HomeViewController.swift */; };
		22A785FD1B0ACC770084F493 /* StorySectionHeader.xib in Resources */ = {isa = PBXBuildFile; fileRef = 22A785FC1B0ACC770084F493 /* StorySectionHeader.xib */; };
		22A785FF1B0ACF140084F493 /* StorySectionHeader.swift in Sources */ = {isa = PBXBuildFile; fileRef = 22A785FE1B0ACF140084F493 /* StorySectionHeader.swift */; };
		22A786011B0ADCDB0084F493 /* StorySectionHeaderCell.swift in Sources */ = {isa = PBXBuildFile; fileRef = 22A786001B0ADCDB0084F493 /* StorySectionHeaderCell.swift */; };
		22FD07421B0330B90092CC3D /* StoryDescriptionCell.xib in Resources */ = {isa = PBXBuildFile; fileRef = 22FD07411B0330B90092CC3D /* StoryDescriptionCell.xib */; };
		22FD07441B0333150092CC3D /* StoryDescriptionCell.swift in Sources */ = {isa = PBXBuildFile; fileRef = 22FD07431B0333150092CC3D /* StoryDescriptionCell.swift */; };
		22FD07491B03F2630092CC3D /* Date.swift in Sources */ = {isa = PBXBuildFile; fileRef = 22FD07481B03F2630092CC3D /* Date.swift */; };
/* End PBXBuildFile section */

/* Begin PBXContainerItemProxy section */
		225608BA1AF67CFB0033FF11 /* PBXContainerItemProxy */ = {
			isa = PBXContainerItemProxy;
			containerPortal = 225608991AF67CFB0033FF11 /* Project object */;
			proxyType = 1;
			remoteGlobalIDString = 225608A01AF67CFB0033FF11;
			remoteInfo = ZhihuDaily;
		};
/* End PBXContainerItemProxy section */

/* Begin PBXFileReference section */
		223284D61AFCAC9000A5C40B /* LoopedScrollView.swift */ = {isa = PBXFileReference; fileEncoding = 4; lastKnownFileType = sourcecode.swift; path = LoopedScrollView.swift; sourceTree = "<group>"; };
		225608A11AF67CFB0033FF11 /* ZhihuDaily.app */ = {isa = PBXFileReference; explicitFileType = wrapper.application; includeInIndex = 0; path = ZhihuDaily.app; sourceTree = BUILT_PRODUCTS_DIR; };
		225608A51AF67CFB0033FF11 /* Info.plist */ = {isa = PBXFileReference; lastKnownFileType = text.plist.xml; path = Info.plist; sourceTree = "<group>"; };
		225608A61AF67CFB0033FF11 /* AppDelegate.swift */ = {isa = PBXFileReference; lastKnownFileType = sourcecode.swift; path = AppDelegate.swift; sourceTree = "<group>"; };
		225608A91AF67CFB0033FF11 /* ZhihuDaily.xcdatamodel */ = {isa = PBXFileReference; lastKnownFileType = wrapper.xcdatamodel; path = ZhihuDaily.xcdatamodel; sourceTree = "<group>"; };
		225608AE1AF67CFB0033FF11 /* Base */ = {isa = PBXFileReference; lastKnownFileType = file.storyboard; name = Base; path = Base.lproj/Main.storyboard; sourceTree = "<group>"; };
		225608B01AF67CFB0033FF11 /* Images.xcassets */ = {isa = PBXFileReference; lastKnownFileType = folder.assetcatalog; path = Images.xcassets; sourceTree = "<group>"; };
		225608B31AF67CFB0033FF11 /* Base */ = {isa = PBXFileReference; lastKnownFileType = file.xib; name = Base; path = Base.lproj/LaunchScreen.xib; sourceTree = "<group>"; };
		225608B91AF67CFB0033FF11 /* ZhihuDailyTests.xctest */ = {isa = PBXFileReference; explicitFileType = wrapper.cfbundle; includeInIndex = 0; path = ZhihuDailyTests.xctest; sourceTree = BUILT_PRODUCTS_DIR; };
		225608BE1AF67CFB0033FF11 /* Info.plist */ = {isa = PBXFileReference; lastKnownFileType = text.plist.xml; path = Info.plist; sourceTree = "<group>"; };
		225608BF1AF67CFB0033FF11 /* ZhihuDailyTests.swift */ = {isa = PBXFileReference; lastKnownFileType = sourcecode.swift; path = ZhihuDailyTests.swift; sourceTree = "<group>"; };
		225608CD1AF683D20033FF11 /* Common.swift */ = {isa = PBXFileReference; fileEncoding = 4; lastKnownFileType = sourcecode.swift; path = Common.swift; sourceTree = "<group>"; };
		225608CF1AF74B100033FF11 /* Consts.swift */ = {isa = PBXFileReference; fileEncoding = 4; lastKnownFileType = sourcecode.swift; path = Consts.swift; sourceTree = "<group>"; };
		22A1BA8B1AF9E60800115D02 /* UIImageViewAsync.swift */ = {isa = PBXFileReference; fileEncoding = 4; lastKnownFileType = sourcecode.swift; path = UIImageViewAsync.swift; sourceTree = "<group>"; };
		22A785EE1B07ABB30084F493 /* ZhihuDaily-Bridging-Header.h */ = {isa = PBXFileReference; lastKnownFileType = sourcecode.c.h; path = "ZhihuDaily-Bridging-Header.h"; sourceTree = "<group>"; };
		22A785EF1B07ABB40084F493 /* SWRevealViewController.h */ = {isa = PBXFileReference; fileEncoding = 4; lastKnownFileType = sourcecode.c.h; path = SWRevealViewController.h; sourceTree = "<group>"; };
		22A785F01B07ABB40084F493 /* SWRevealViewController.m */ = {isa = PBXFileReference; fileEncoding = 4; lastKnownFileType = sourcecode.c.objc; path = SWRevealViewController.m; sourceTree = "<group>"; };
		22A785F21B07AC940084F493 /* MenuViewController.swift */ = {isa = PBXFileReference; fileEncoding = 4; lastKnownFileType = sourcecode.swift; path = MenuViewController.swift; sourceTree = "<group>"; };
		22A785F41B07B1E70084F493 /* HomeViewController.swift */ = {isa = PBXFileReference; fileEncoding = 4; lastKnownFileType = sourcecode.swift; path = HomeViewController.swift; sourceTree = "<group>"; };
		22A785FC1B0ACC770084F493 /* StorySectionHeader.xib */ = {isa = PBXFileReference; fileEncoding = 4; lastKnownFileType = file.xib; path = StorySectionHeader.xib; sourceTree = "<group>"; };
		22A785FE1B0ACF140084F493 /* StorySectionHeader.swift */ = {isa = PBXFileReference; fileEncoding = 4; lastKnownFileType = sourcecode.swift; path = StorySectionHeader.swift; sourceTree = "<group>"; };
		22A786001B0ADCDB0084F493 /* StorySectionHeaderCell.swift */ = {isa = PBXFileReference; fileEncoding = 4; lastKnownFileType = sourcecode.swift; path = StorySectionHeaderCell.swift; sourceTree = "<group>"; };
		22FD07411B0330B90092CC3D /* StoryDescriptionCell.xib */ = {isa = PBXFileReference; fileEncoding = 4; lastKnownFileType = file.xib; path = StoryDescriptionCell.xib; sourceTree = "<group>"; };
		22FD07431B0333150092CC3D /* StoryDescriptionCell.swift */ = {isa = PBXFileReference; fileEncoding = 4; lastKnownFileType = sourcecode.swift; path = StoryDescriptionCell.swift; sourceTree = "<group>"; };
		22FD07481B03F2630092CC3D /* Date.swift */ = {isa = PBXFileReference; fileEncoding = 4; lastKnownFileType = sourcecode.swift; path = Date.swift; sourceTree = "<group>"; };
/* End PBXFileReference section */

/* Begin PBXFrameworksBuildPhase section */
		2256089E1AF67CFB0033FF11 /* Frameworks */ = {
			isa = PBXFrameworksBuildPhase;
			buildActionMask = 2147483647;
			files = (
			);
			runOnlyForDeploymentPostprocessing = 0;
		};
		225608B61AF67CFB0033FF11 /* Frameworks */ = {
			isa = PBXFrameworksBuildPhase;
			buildActionMask = 2147483647;
			files = (
			);
			runOnlyForDeploymentPostprocessing = 0;
		};
/* End PBXFrameworksBuildPhase section */

/* Begin PBXGroup section */
		225608981AF67CFB0033FF11 = {
			isa = PBXGroup;
			children = (
				225608A31AF67CFB0033FF11 /* ZhihuDaily */,
				225608BC1AF67CFB0033FF11 /* ZhihuDailyTests */,
				225608A21AF67CFB0033FF11 /* Products */,
			);
			sourceTree = "<group>";
		};
		225608A21AF67CFB0033FF11 /* Products */ = {
			isa = PBXGroup;
			children = (
				225608A11AF67CFB0033FF11 /* ZhihuDaily.app */,
				225608B91AF67CFB0033FF11 /* ZhihuDailyTests.xctest */,
			);
			name = Products;
			sourceTree = "<group>";
		};
		225608A31AF67CFB0033FF11 /* ZhihuDaily */ = {
			isa = PBXGroup;
			children = (
				22FD074E1B0492320092CC3D /* Controller */,
				22FD074D1B0492110092CC3D /* View */,
				22FD074C1B0491F80092CC3D /* Util */,
				225608A61AF67CFB0033FF11 /* AppDelegate.swift */,
				225608AD1AF67CFB0033FF11 /* Main.storyboard */,
				225608B01AF67CFB0033FF11 /* Images.xcassets */,
				225608B21AF67CFB0033FF11 /* LaunchScreen.xib */,
				225608A81AF67CFB0033FF11 /* ZhihuDaily.xcdatamodeld */,
				225608A41AF67CFB0033FF11 /* Supporting Files */,
			);
			path = ZhihuDaily;
			sourceTree = "<group>";
		};
		225608A41AF67CFB0033FF11 /* Supporting Files */ = {
			isa = PBXGroup;
			children = (
				225608A51AF67CFB0033FF11 /* Info.plist */,
			);
			name = "Supporting Files";
			sourceTree = "<group>";
		};
		225608BC1AF67CFB0033FF11 /* ZhihuDailyTests */ = {
			isa = PBXGroup;
			children = (
				225608BF1AF67CFB0033FF11 /* ZhihuDailyTests.swift */,
				225608BD1AF67CFB0033FF11 /* Supporting Files */,
			);
			path = ZhihuDailyTests;
			sourceTree = "<group>";
		};
		225608BD1AF67CFB0033FF11 /* Supporting Files */ = {
			isa = PBXGroup;
			children = (
				225608BE1AF67CFB0033FF11 /* Info.plist */,
			);
			name = "Supporting Files";
			sourceTree = "<group>";
		};
		22A785ED1B07AB920084F493 /* SWRevealViewController */ = {
			isa = PBXGroup;
			children = (
				22A785EF1B07ABB40084F493 /* SWRevealViewController.h */,
				22A785F01B07ABB40084F493 /* SWRevealViewController.m */,
			);
			name = SWRevealViewController;
			sourceTree = "<group>";
		};
		22FD074C1B0491F80092CC3D /* Util */ = {
			isa = PBXGroup;
			children = (
				22A785EE1B07ABB30084F493 /* ZhihuDaily-Bridging-Header.h */,
				225608CD1AF683D20033FF11 /* Common.swift */,
				225608CF1AF74B100033FF11 /* Consts.swift */,
				22FD07481B03F2630092CC3D /* Date.swift */,
			);
			name = Util;
			sourceTree = "<group>";
		};
		22FD074D1B0492110092CC3D /* View */ = {
			isa = PBXGroup;
			children = (
				223284D61AFCAC9000A5C40B /* LoopedScrollView.swift */,
				22A1BA8B1AF9E60800115D02 /* UIImageViewAsync.swift */,
				22FD07411B0330B90092CC3D /* StoryDescriptionCell.xib */,
				22FD07431B0333150092CC3D /* StoryDescriptionCell.swift */,
				22A785FC1B0ACC770084F493 /* StorySectionHeader.xib */,
				22A785FE1B0ACF140084F493 /* StorySectionHeader.swift */,
				22A786001B0ADCDB0084F493 /* StorySectionHeaderCell.swift */,
			);
			name = View;
			sourceTree = "<group>";
		};
		22FD074E1B0492320092CC3D /* Controller */ = {
			isa = PBXGroup;
			children = (
				22A785ED1B07AB920084F493 /* SWRevealViewController */,
				22A785F21B07AC940084F493 /* MenuViewController.swift */,
				22A785F41B07B1E70084F493 /* HomeViewController.swift */,
			);
			name = Controller;
			sourceTree = "<group>";
		};
/* End PBXGroup section */

/* Begin PBXNativeTarget section */
		225608A01AF67CFB0033FF11 /* ZhihuDaily */ = {
			isa = PBXNativeTarget;
			buildConfigurationList = 225608C31AF67CFB0033FF11 /* Build configuration list for PBXNativeTarget "ZhihuDaily" */;
			buildPhases = (
				2256089D1AF67CFB0033FF11 /* Sources */,
				2256089E1AF67CFB0033FF11 /* Frameworks */,
				2256089F1AF67CFB0033FF11 /* Resources */,
			);
			buildRules = (
			);
			dependencies = (
			);
			name = ZhihuDaily;
			productName = ZhihuDaily;
			productReference = 225608A11AF67CFB0033FF11 /* ZhihuDaily.app */;
			productType = "com.apple.product-type.application";
		};
		225608B81AF67CFB0033FF11 /* ZhihuDailyTests */ = {
			isa = PBXNativeTarget;
			buildConfigurationList = 225608C61AF67CFB0033FF11 /* Build configuration list for PBXNativeTarget "ZhihuDailyTests" */;
			buildPhases = (
				225608B51AF67CFB0033FF11 /* Sources */,
				225608B61AF67CFB0033FF11 /* Frameworks */,
				225608B71AF67CFB0033FF11 /* Resources */,
			);
			buildRules = (
			);
			dependencies = (
				225608BB1AF67CFB0033FF11 /* PBXTargetDependency */,
			);
			name = ZhihuDailyTests;
			productName = ZhihuDailyTests;
			productReference = 225608B91AF67CFB0033FF11 /* ZhihuDailyTests.xctest */;
			productType = "com.apple.product-type.bundle.unit-test";
		};
/* End PBXNativeTarget section */

/* Begin PBXProject section */
		225608991AF67CFB0033FF11 /* Project object */ = {
			isa = PBXProject;
			attributes = {
				LastUpgradeCheck = 0630;
				ORGANIZATIONNAME = Xin;
				TargetAttributes = {
					225608A01AF67CFB0033FF11 = {
						CreatedOnToolsVersion = 6.3.1;
					};
					225608B81AF67CFB0033FF11 = {
						CreatedOnToolsVersion = 6.3.1;
						TestTargetID = 225608A01AF67CFB0033FF11;
					};
				};
			};
			buildConfigurationList = 2256089C1AF67CFB0033FF11 /* Build configuration list for PBXProject "ZhihuDaily" */;
			compatibilityVersion = "Xcode 3.2";
			developmentRegion = English;
			hasScannedForEncodings = 0;
			knownRegions = (
				en,
				Base,
			);
			mainGroup = 225608981AF67CFB0033FF11;
			productRefGroup = 225608A21AF67CFB0033FF11 /* Products */;
			projectDirPath = "";
			projectRoot = "";
			targets = (
				225608A01AF67CFB0033FF11 /* ZhihuDaily */,
				225608B81AF67CFB0033FF11 /* ZhihuDailyTests */,
			);
		};
/* End PBXProject section */

/* Begin PBXResourcesBuildPhase section */
		2256089F1AF67CFB0033FF11 /* Resources */ = {
			isa = PBXResourcesBuildPhase;
			buildActionMask = 2147483647;
			files = (
				22A785FD1B0ACC770084F493 /* StorySectionHeader.xib in Resources */,
				225608AF1AF67CFB0033FF11 /* Main.storyboard in Resources */,
				22FD07421B0330B90092CC3D /* StoryDescriptionCell.xib in Resources */,
				225608B41AF67CFB0033FF11 /* LaunchScreen.xib in Resources */,
				225608B11AF67CFB0033FF11 /* Images.xcassets in Resources */,
			);
			runOnlyForDeploymentPostprocessing = 0;
		};
		225608B71AF67CFB0033FF11 /* Resources */ = {
			isa = PBXResourcesBuildPhase;
			buildActionMask = 2147483647;
			files = (
			);
			runOnlyForDeploymentPostprocessing = 0;
		};
/* End PBXResourcesBuildPhase section */

/* Begin PBXSourcesBuildPhase section */
		2256089D1AF67CFB0033FF11 /* Sources */ = {
			isa = PBXSourcesBuildPhase;
			buildActionMask = 2147483647;
			files = (
				225608AA1AF67CFB0033FF11 /* ZhihuDaily.xcdatamodeld in Sources */,
				22FD07491B03F2630092CC3D /* Date.swift in Sources */,
				225608A71AF67CFB0033FF11 /* AppDelegate.swift in Sources */,
				22A785F51B07B1E70084F493 /* HomeViewController.swift in Sources */,
				22A786011B0ADCDB0084F493 /* StorySectionHeaderCell.swift in Sources */,
				225608D01AF74B100033FF11 /* Consts.swift in Sources */,
				22A785F31B07AC940084F493 /* MenuViewController.swift in Sources */,
				225608CE1AF683D20033FF11 /* Common.swift in Sources */,
				22FD07441B0333150092CC3D /* StoryDescriptionCell.swift in Sources */,
				223284D71AFCAC9000A5C40B /* LoopedScrollView.swift in Sources */,
				22A785FF1B0ACF140084F493 /* StorySectionHeader.swift in Sources */,
				22A1BA8C1AF9E60800115D02 /* UIImageViewAsync.swift in Sources */,
				22A785F11B07ABB40084F493 /* SWRevealViewController.m in Sources */,
			);
			runOnlyForDeploymentPostprocessing = 0;
		};
		225608B51AF67CFB0033FF11 /* Sources */ = {
			isa = PBXSourcesBuildPhase;
			buildActionMask = 2147483647;
			files = (
				225608C01AF67CFB0033FF11 /* ZhihuDailyTests.swift in Sources */,
			);
			runOnlyForDeploymentPostprocessing = 0;
		};
/* End PBXSourcesBuildPhase section */

/* Begin PBXTargetDependency section */
		225608BB1AF67CFB0033FF11 /* PBXTargetDependency */ = {
			isa = PBXTargetDependency;
			target = 225608A01AF67CFB0033FF11 /* ZhihuDaily */;
			targetProxy = 225608BA1AF67CFB0033FF11 /* PBXContainerItemProxy */;
		};
/* End PBXTargetDependency section */

/* Begin PBXVariantGroup section */
		225608AD1AF67CFB0033FF11 /* Main.storyboard */ = {
			isa = PBXVariantGroup;
			children = (
				225608AE1AF67CFB0033FF11 /* Base */,
			);
			name = Main.storyboard;
			sourceTree = "<group>";
		};
		225608B21AF67CFB0033FF11 /* LaunchScreen.xib */ = {
			isa = PBXVariantGroup;
			children = (
				225608B31AF67CFB0033FF11 /* Base */,
			);
			name = LaunchScreen.xib;
			sourceTree = "<group>";
		};
/* End PBXVariantGroup section */

/* Begin XCBuildConfiguration section */
		225608C11AF67CFB0033FF11 /* Debug */ = {
			isa = XCBuildConfiguration;
			buildSettings = {
				ALWAYS_SEARCH_USER_PATHS = NO;
				CLANG_CXX_LANGUAGE_STANDARD = "gnu++0x";
				CLANG_CXX_LIBRARY = "libc++";
				CLANG_ENABLE_MODULES = YES;
				CLANG_ENABLE_OBJC_ARC = YES;
				CLANG_WARN_BOOL_CONVERSION = YES;
				CLANG_WARN_CONSTANT_CONVERSION = YES;
				CLANG_WARN_DIRECT_OBJC_ISA_USAGE = YES_ERROR;
				CLANG_WARN_EMPTY_BODY = YES;
				CLANG_WARN_ENUM_CONVERSION = YES;
				CLANG_WARN_INT_CONVERSION = YES;
				CLANG_WARN_OBJC_ROOT_CLASS = YES_ERROR;
				CLANG_WARN_UNREACHABLE_CODE = YES;
				CLANG_WARN__DUPLICATE_METHOD_MATCH = YES;
				"CODE_SIGN_IDENTITY[sdk=iphoneos*]" = "iPhone Developer";
				COPY_PHASE_STRIP = NO;
				DEBUG_INFORMATION_FORMAT = "dwarf-with-dsym";
				ENABLE_STRICT_OBJC_MSGSEND = YES;
				GCC_C_LANGUAGE_STANDARD = gnu99;
				GCC_DYNAMIC_NO_PIC = NO;
				GCC_NO_COMMON_BLOCKS = YES;
				GCC_OPTIMIZATION_LEVEL = 0;
				GCC_PREPROCESSOR_DEFINITIONS = (
					"DEBUG=1",
					"$(inherited)",
				);
				GCC_SYMBOLS_PRIVATE_EXTERN = NO;
				GCC_WARN_64_TO_32_BIT_CONVERSION = YES;
				GCC_WARN_ABOUT_RETURN_TYPE = YES_ERROR;
				GCC_WARN_UNDECLARED_SELECTOR = YES;
				GCC_WARN_UNINITIALIZED_AUTOS = YES_AGGRESSIVE;
				GCC_WARN_UNUSED_FUNCTION = YES;
				GCC_WARN_UNUSED_VARIABLE = YES;
				IPHONEOS_DEPLOYMENT_TARGET = 8.3;
				MTL_ENABLE_DEBUG_INFO = YES;
				ONLY_ACTIVE_ARCH = YES;
				SDKROOT = iphoneos;
				SWIFT_OPTIMIZATION_LEVEL = "-Onone";
			};
			name = Debug;
		};
		225608C21AF67CFB0033FF11 /* Release */ = {
			isa = XCBuildConfiguration;
			buildSettings = {
				ALWAYS_SEARCH_USER_PATHS = NO;
				CLANG_CXX_LANGUAGE_STANDARD = "gnu++0x";
				CLANG_CXX_LIBRARY = "libc++";
				CLANG_ENABLE_MODULES = YES;
				CLANG_ENABLE_OBJC_ARC = YES;
				CLANG_WARN_BOOL_CONVERSION = YES;
				CLANG_WARN_CONSTANT_CONVERSION = YES;
				CLANG_WARN_DIRECT_OBJC_ISA_USAGE = YES_ERROR;
				CLANG_WARN_EMPTY_BODY = YES;
				CLANG_WARN_ENUM_CONVERSION = YES;
				CLANG_WARN_INT_CONVERSION = YES;
				CLANG_WARN_OBJC_ROOT_CLASS = YES_ERROR;
				CLANG_WARN_UNREACHABLE_CODE = YES;
				CLANG_WARN__DUPLICATE_METHOD_MATCH = YES;
				"CODE_SIGN_IDENTITY[sdk=iphoneos*]" = "iPhone Developer";
				COPY_PHASE_STRIP = NO;
				DEBUG_INFORMATION_FORMAT = "dwarf-with-dsym";
				ENABLE_NS_ASSERTIONS = NO;
				ENABLE_STRICT_OBJC_MSGSEND = YES;
				GCC_C_LANGUAGE_STANDARD = gnu99;
				GCC_NO_COMMON_BLOCKS = YES;
				GCC_WARN_64_TO_32_BIT_CONVERSION = YES;
				GCC_WARN_ABOUT_RETURN_TYPE = YES_ERROR;
				GCC_WARN_UNDECLARED_SELECTOR = YES;
				GCC_WARN_UNINITIALIZED_AUTOS = YES_AGGRESSIVE;
				GCC_WARN_UNUSED_FUNCTION = YES;
				GCC_WARN_UNUSED_VARIABLE = YES;
				IPHONEOS_DEPLOYMENT_TARGET = 8.3;
				MTL_ENABLE_DEBUG_INFO = NO;
				SDKROOT = iphoneos;
				VALIDATE_PRODUCT = YES;
			};
			name = Release;
		};
		225608C41AF67CFB0033FF11 /* Debug */ = {
			isa = XCBuildConfiguration;
			buildSettings = {
				ASSETCATALOG_COMPILER_APPICON_NAME = AppIcon;
				CLANG_ENABLE_MODULES = YES;
				INFOPLIST_FILE = ZhihuDaily/Info.plist;
				LD_RUNPATH_SEARCH_PATHS = "$(inherited) @executable_path/Frameworks";
				PRODUCT_NAME = "$(TARGET_NAME)";
				SWIFT_INSTALL_OBJC_HEADER = YES;
				SWIFT_OBJC_BRIDGING_HEADER = "ZhihuDaily/ZhihuDaily-Bridging-Header.h";
				SWIFT_OPTIMIZATION_LEVEL = "-Onone";
			};
			name = Debug;
		};
		225608C51AF67CFB0033FF11 /* Release */ = {
			isa = XCBuildConfiguration;
			buildSettings = {
				ASSETCATALOG_COMPILER_APPICON_NAME = AppIcon;
				CLANG_ENABLE_MODULES = YES;
				INFOPLIST_FILE = ZhihuDaily/Info.plist;
				LD_RUNPATH_SEARCH_PATHS = "$(inherited) @executable_path/Frameworks";
				PRODUCT_NAME = "$(TARGET_NAME)";
				SWIFT_INSTALL_OBJC_HEADER = YES;
				SWIFT_OBJC_BRIDGING_HEADER = "ZhihuDaily/ZhihuDaily-Bridging-Header.h";
			};
			name = Release;
		};
		225608C71AF67CFB0033FF11 /* Debug */ = {
			isa = XCBuildConfiguration;
			buildSettings = {
				BUNDLE_LOADER = "$(TEST_HOST)";
				FRAMEWORK_SEARCH_PATHS = (
					"$(SDKROOT)/Developer/Library/Frameworks",
					"$(inherited)",
				);
				GCC_PREPROCESSOR_DEFINITIONS = (
					"DEBUG=1",
					"$(inherited)",
				);
				INFOPLIST_FILE = ZhihuDailyTests/Info.plist;
				LD_RUNPATH_SEARCH_PATHS = "$(inherited) @executable_path/Frameworks @loader_path/Frameworks";
				PRODUCT_NAME = "$(TARGET_NAME)";
				TEST_HOST = "$(BUILT_PRODUCTS_DIR)/ZhihuDaily.app/ZhihuDaily";
			};
			name = Debug;
		};
		225608C81AF67CFB0033FF11 /* Release */ = {
			isa = XCBuildConfiguration;
			buildSettings = {
				BUNDLE_LOADER = "$(TEST_HOST)";
				FRAMEWORK_SEARCH_PATHS = (
					"$(SDKROOT)/Developer/Library/Frameworks",
					"$(inherited)",
				);
				INFOPLIST_FILE = ZhihuDailyTests/Info.plist;
				LD_RUNPATH_SEARCH_PATHS = "$(inherited) @executable_path/Frameworks @loader_path/Frameworks";
				PRODUCT_NAME = "$(TARGET_NAME)";
				TEST_HOST = "$(BUILT_PRODUCTS_DIR)/ZhihuDaily.app/ZhihuDaily";
			};
			name = Release;
		};
/* End XCBuildConfiguration section */

/* Begin XCConfigurationList section */
		2256089C1AF67CFB0033FF11 /* Build configuration list for PBXProject "ZhihuDaily" */ = {
			isa = XCConfigurationList;
			buildConfigurations = (
				225608C11AF67CFB0033FF11 /* Debug */,
				225608C21AF67CFB0033FF11 /* Release */,
			);
			defaultConfigurationIsVisible = 0;
			defaultConfigurationName = Release;
		};
		225608C31AF67CFB0033FF11 /* Build configuration list for PBXNativeTarget "ZhihuDaily" */ = {
			isa = XCConfigurationList;
			buildConfigurations = (
				225608C41AF67CFB0033FF11 /* Debug */,
				225608C51AF67CFB0033FF11 /* Release */,
			);
			defaultConfigurationIsVisible = 0;
			defaultConfigurationName = Release;
		};
		225608C61AF67CFB0033FF11 /* Build configuration list for PBXNativeTarget "ZhihuDailyTests" */ = {
			isa = XCConfigurationList;
			buildConfigurations = (
				225608C71AF67CFB0033FF11 /* Debug */,
				225608C81AF67CFB0033FF11 /* Release */,
			);
			defaultConfigurationIsVisible = 0;
			defaultConfigurationName = Release;
		};
/* End XCConfigurationList section */

/* Begin XCVersionGroup section */
		225608A81AF67CFB0033FF11 /* ZhihuDaily.xcdatamodeld */ = {
			isa = XCVersionGroup;
			children = (
				225608A91AF67CFB0033FF11 /* ZhihuDaily.xcdatamodel */,
			);
			currentVersion = 225608A91AF67CFB0033FF11 /* ZhihuDaily.xcdatamodel */;
			path = ZhihuDaily.xcdatamodeld;
			sourceTree = "<group>";
			versionGroupType = wrapper.xcdatamodel;
		};
/* End XCVersionGroup section */
	};
	rootObject = 225608991AF67CFB0033FF11 /* Project object */;
}
